
Microsoft Visual Studio Solution File, Format Version 12.00
# Visual Studio Version 16
VisualStudioVersion = 16.0.28803.514
MinimumVisualStudioVersion = 10.0.40219.1
Project("{9A19103F-16F7-4668-BE54-9A1E7A4F7556}") = "PlanningPokerWebAPI", "PlanningPokerWebAPI\PlanningPokerWebAPI.csproj", "{69155B08-69DD-4396-A420-CDA23C51E873}"
EndProject
Project("{FAE04EC0-301F-11D3-BF4B-00C04F79EFBC}") = "PlanningPoker.Test", "PlanningPoker.Test\PlanningPoker.Test.csproj", "{0E8213F5-F8CF-4AD3-B824-35FD8E342616}"
EndProject
Global
	GlobalSection(SolutionConfigurationPlatforms) = preSolution
		Debug|Any CPU = Debug|Any CPU
		Release|Any CPU = Release|Any CPU
	EndGlobalSection
	GlobalSection(ProjectConfigurationPlatforms) = postSolution
		{69155B08-69DD-4396-A420-CDA23C51E873}.Debug|Any CPU.ActiveCfg = Debug|Any CPU
		{69155B08-69DD-4396-A420-CDA23C51E873}.Debug|Any CPU.Build.0 = Debug|Any CPU
		{69155B08-69DD-4396-A420-CDA23C51E873}.Release|Any CPU.ActiveCfg = Release|Any CPU
		{69155B08-69DD-4396-A420-CDA23C51E873}.Release|Any CPU.Build.0 = Release|Any CPU
		{0E8213F5-F8CF-4AD3-B824-35FD8E342616}.Debug|Any CPU.ActiveCfg = Debug|Any CPU
		{0E8213F5-F8CF-4AD3-B824-35FD8E342616}.Debug|Any CPU.Build.0 = Debug|Any CPU
		{0E8213F5-F8CF-4AD3-B824-35FD8E342616}.Release|Any CPU.ActiveCfg = Release|Any CPU
		{0E8213F5-F8CF-4AD3-B824-35FD8E342616}.Release|Any CPU.Build.0 = Release|Any CPU
	EndGlobalSection
	GlobalSection(SolutionProperties) = preSolution
		HideSolutionNode = FALSE
	EndGlobalSection
	GlobalSection(ExtensibilityGlobals) = postSolution
		SolutionGuid = {E316B2D5-3A9E-428C-8D98-F00C69242BC0}
	EndGlobalSection
EndGlobal
